
Microsoft Visual Studio Solution File, Format Version 12.00
# Visual Studio Version 16
VisualStudioVersion = 16.0.30002.166
MinimumVisualStudioVersion = 10.0.40219.1
Project("{8BC9CEB8-8B4A-11D0-8D11-00A0C91BC942}") = "LeeCode", "LeeCode\LeeCode.vcxproj", "{678DE32D-82D8-4530-BD72-E973EADAD518}"
EndProject
Global
	GlobalSection(SolutionConfigurationPlatforms) = preSolution
		Debug|x64 = Debug|x64
		Debug|x86 = Debug|x86
		Release|x64 = Release|x64
		Release|x86 = Release|x86
	EndGlobalSection
	GlobalSection(ProjectConfigurationPlatforms) = postSolution
		{678DE32D-82D8-4530-BD72-E973EADAD518}.Debug|x64.ActiveCfg = Debug|x64
		{678DE32D-82D8-4530-BD72-E973EADAD518}.Debug|x64.Build.0 = Debug|x64
		{678DE32D-82D8-4530-BD72-E973EADAD518}.Debug|x86.ActiveCfg = Debug|Win32
		{678DE32D-82D8-4530-BD72-E973EADAD518}.Debug|x86.Build.0 = Debug|Win32
		{678DE32D-82D8-4530-BD72-E973EADAD518}.Release|x64.ActiveCfg = Release|x64
		{678DE32D-82D8-4530-BD72-E973EADAD518}.Release|x64.Build.0 = Release|x64
		{678DE32D-82D8-4530-BD72-E973EADAD518}.Release|x86.ActiveCfg = Release|Win32
		{678DE32D-82D8-4530-BD72-E973EADAD518}.Release|x86.Build.0 = Release|Win32
	EndGlobalSection
	GlobalSection(SolutionProperties) = preSolution
		HideSolutionNode = FALSE
	EndGlobalSection
	GlobalSection(ExtensibilityGlobals) = postSolution
		SolutionGuid = {EB4EF340-718E-4AE5-AA31-BEB9FE5B8861}
	EndGlobalSection
EndGlobal
